
Microsoft Visual Studio Solution File, Format Version 12.00
# Visual Studio Version 17
VisualStudioVersion = 17.3.32811.315
MinimumVisualStudioVersion = 10.0.40219.1
Project("{9A19103F-16F7-4668-BE54-9A1E7A4F7556}") = "Crosshair", "Crosshair\Crosshair.csproj", "{566B7A80-7181-4F65-8D31-EDA3CE453D9F}"
EndProject
Global
	GlobalSection(SolutionConfigurationPlatforms) = preSolution
		Debug|Any CPU = Debug|Any CPU
		Release|Any CPU = Release|Any CPU
	EndGlobalSection
	GlobalSection(ProjectConfigurationPlatforms) = postSolution
		{566B7A80-7181-4F65-8D31-EDA3CE453D9F}.Debug|Any CPU.ActiveCfg = Debug|Any CPU
		{566B7A80-7181-4F65-8D31-EDA3CE453D9F}.Debug|Any CPU.Build.0 = Debug|Any CPU
		{566B7A80-7181-4F65-8D31-EDA3CE453D9F}.Release|Any CPU.ActiveCfg = Release|Any CPU
		{566B7A80-7181-4F65-8D31-EDA3CE453D9F}.Release|Any CPU.Build.0 = Release|Any CPU
	EndGlobalSection
	GlobalSection(SolutionProperties) = preSolution
		HideSolutionNode = FALSE
	EndGlobalSection
	GlobalSection(ExtensibilityGlobals) = postSolution
		RESX_PrefixTranslations = False
		SolutionGuid = {D8DA57A0-8607-40D7-B0AC-F89AFFF06819}
	EndGlobalSection
EndGlobal
